
Microsoft Visual Studio Solution File, Format Version 12.00
# Visual Studio Version 17
VisualStudioVersion = 17.1.32228.430
MinimumVisualStudioVersion = 10.0.40219.1
Project("{FAE04EC0-301F-11D3-BF4B-00C04F79EFBC}") = "Portafolio", "Portafolio\Portafolio.csproj", "{9AA2A749-5062-4D05-B9F9-64F3615D77D0}"
EndProject
Global
	GlobalSection(SolutionConfigurationPlatforms) = preSolution
		Debug|Any CPU = Debug|Any CPU
		Release|Any CPU = Release|Any CPU
	EndGlobalSection
	GlobalSection(ProjectConfigurationPlatforms) = postSolution
		{9AA2A749-5062-4D05-B9F9-64F3615D77D0}.Debug|Any CPU.ActiveCfg = Debug|Any CPU
		{9AA2A749-5062-4D05-B9F9-64F3615D77D0}.Debug|Any CPU.Build.0 = Debug|Any CPU
		{9AA2A749-5062-4D05-B9F9-64F3615D77D0}.Release|Any CPU.ActiveCfg = Release|Any CPU
		{9AA2A749-5062-4D05-B9F9-64F3615D77D0}.Release|Any CPU.Build.0 = Release|Any CPU
	EndGlobalSection
	GlobalSection(SolutionProperties) = preSolution
		HideSolutionNode = FALSE
	EndGlobalSection
	GlobalSection(ExtensibilityGlobals) = postSolution
		SolutionGuid = {DF67E748-2F07-4F1B-87B0-69206FB3D812}
	EndGlobalSection
EndGlobal
